<?xml version="1.0" encoding="utf-8"?>
<Project ToolsVersion="4.0" xmlns="http://schemas.microsoft.com/developer/msbuild/2003">
  <ItemGroup>
    <Filter Include="Zdrojové soubory">
      <UniqueIdentifier>{4FC737F1-C7A5-4376-A066-2A32D752A2FF}</UniqueIdentifier>
      <Extensions>cpp;c;cc;cxx;def;odl;idl;hpj;bat;asm;asmx</Extensions>
    </Filter>
    <Filter Include="Hlavičkové soubory">
      <UniqueIdentifier>{93995380-89BD-4b04-88EB-625FBE52EBFB}</UniqueIdentifier>
      <Extensions>h;hh;hpp;hxx;hm;inl;inc;ipp;xsd</Extensions>
    </Filter>
    <Filter Include="Soubory zdrojů">
      <UniqueIdentifier>{67DA6AB6-F800-4c08-8B7A-83BB121AAD01}</UniqueIdentifier>
      <Extensions>rc;ico;cur;bmp;dlg;rc2;rct;bin;rgs;gif;jpg;jpeg;jpe;resx;tiff;tif;png;wav;mfcribbon-ms</Extensions>
    </Filter>
    <Filter Include="models">
      <UniqueIdentifier>{30e69b88-8d16-44f2-bb3f-29c3b2f0572c}</UniqueIdentifier>
    </Filter>
    <Filter Include="shaders">
      <UniqueIdentifier>{6e33ab26-38c7-4b60-9cd5-dcfc59f1ff87}</UniqueIdentifier>
    </Filter>
    <Filter Include="textures">
      <UniqueIdentifier>{a9a0a740-4195-42c9-b0ce-90fcd642ee51}</UniqueIdentifier>
    </Filter>
    <Filter Include="assimpClass">
      <UniqueIdentifier>{7278ce66-8e33-4630-8e24-ea6c25a2bebe}</UniqueIdentifier>
    </Filter>
    <Filter Include="Factories">
      <UniqueIdentifier>{4a1cc1a4-57a9-4412-9bf3-5d75c309b084}</UniqueIdentifier>
    </Filter>
    <Filter Include="Factories\ColorFactory">
      <UniqueIdentifier>{7ecc856d-155c-4719-93db-9adcad3bec18}</UniqueIdentifier>
    </Filter>
    <Filter Include="Factories\ModelFactory">
      <UniqueIdentifier>{e28c1f43-0fa6-479e-b697-7e8b4d0195dc}</UniqueIdentifier>
    </Filter>
    <Filter Include="models\Assimp">
      <UniqueIdentifier>{06ed51af-e714-4a07-bf6d-dd38bce4351b}</UniqueIdentifier>
    </Filter>
    <Filter Include="models\SkyBox">
      <UniqueIdentifier>{a5a5e711-6d4e-4172-b8bb-f6f1d70bb75a}</UniqueIdentifier>
    </Filter>
    <Filter Include="models\OldModels">
      <UniqueIdentifier>{37648527-58d6-4bf7-bf8b-83880dee3cc7}</UniqueIdentifier>
    </Filter>
    <Filter Include="models\OldModelsUv">
      <UniqueIdentifier>{815dc92f-409c-46fa-b8d3-27e67cbc09fd}</UniqueIdentifier>
    </Filter>
    <Filter Include="shaders\SkyBox">
      <UniqueIdentifier>{7c19f4c0-f741-4e20-82c1-0a4395c3b9bd}</UniqueIdentifier>
    </Filter>
    <Filter Include="shaders\Classic">
      <UniqueIdentifier>{f543987d-a15a-4cbd-a2ad-20b98f0cbf94}</UniqueIdentifier>
    </Filter>
    <Filter Include="Factories\ObjectFactory">
      <UniqueIdentifier>{8a27ca34-5da1-4050-9ee9-a927704052dc}</UniqueIdentifier>
    </Filter>
    <Filter Include="Factories\TextureFactory">
      <UniqueIdentifier>{f2dc1220-30b9-4d20-8425-66be5d40a84c}</UniqueIdentifier>
    </Filter>
  </ItemGroup>
  <ItemGroup>
    <ClCompile Include="main.cpp">
      <Filter>Zdrojové soubory</Filter>
    </ClCompile>
    <ClCompile Include="Application.cpp">
      <Filter>Zdrojové soubory</Filter>
    </ClCompile>
    <ClCompile Include="Shader.cpp">
      <Filter>Zdrojové soubory</Filter>
    </ClCompile>
    <ClCompile Include="Window.cpp">
      <Filter>Zdrojové soubory</Filter>
    </ClCompile>
    <ClCompile Include="Object.cpp">
      <Filter>Zdrojové soubory</Filter>
    </ClCompile>
    <ClCompile Include="Scene.cpp">
      <Filter>Zdrojové soubory</Filter>
    </ClCompile>
    <ClCompile Include="Camera.cpp">
      <Filter>Zdrojové soubory</Filter>
    </ClCompile>
    <ClCompile Include="Renderer.cpp">
      <Filter>Zdrojové soubory</Filter>
    </ClCompile>
    <ClCompile Include="Model.cpp">
      <Filter>Zdrojové soubory</Filter>
    </ClCompile>
    <ClCompile Include="ObjectFactory.cpp">
      <Filter>Zdrojové soubory</Filter>
    </ClCompile>
    <ClCompile Include="ShaderLoader.cpp">
      <Filter>Zdrojové soubory</Filter>
    </ClCompile>
    <ClCompile Include="Light.cpp">
      <Filter>Zdrojové soubory</Filter>
    </ClCompile>
    <ClCompile Include="Texture.cpp">
      <Filter>Zdrojové soubory</Filter>
    </ClCompile>
    <ClCompile Include="Mesh.cpp">
      <Filter>assimpClass</Filter>
    </ClCompile>
    <ClCompile Include="MeshEntry.cpp">
      <Filter>assimpClass</Filter>
    </ClCompile>
    <ClCompile Include="ObjectAssimp.cpp">
      <Filter>assimpClass</Filter>
    </ClCompile>
    <ClCompile Include="SkyBox.cpp">
      <Filter>Zdrojové soubory</Filter>
    </ClCompile>
    <ClCompile Include="ColorFactory.cpp">
      <Filter>Factories\ColorFactory</Filter>
    </ClCompile>
    <ClCompile Include="FlashLight.cpp">
      <Filter>Zdrojové soubory</Filter>
    </ClCompile>
    <ClCompile Include="ModelFactory.cpp">
      <Filter>Factories\ModelFactory</Filter>
    </ClCompile>
    <ClCompile Include="ObjFactory.cpp">
      <Filter>Factories\ObjectFactory</Filter>
    </ClCompile>
    <ClCompile Include="TextureFactory.cpp">
      <Filter>Factories\TextureFactory</Filter>
    </ClCompile>
  </ItemGroup>
  <ItemGroup>
    <ClInclude Include="Application.h">
      <Filter>Hlavičkové soubory</Filter>
    </ClInclude>
    <ClInclude Include="Shader.h">
      <Filter>Hlavičkové soubory</Filter>
    </ClInclude>
    <ClInclude Include="Window.h">
      <Filter>Hlavičkové soubory</Filter>
    </ClInclude>
    <ClInclude Include="Object.h">
      <Filter>Hlavičkové soubory</Filter>
    </ClInclude>
    <ClInclude Include="Scene.h">
      <Filter>Hlavičkové soubory</Filter>
    </ClInclude>
    <ClInclude Include="Camera.h">
      <Filter>Hlavičkové soubory</Filter>
    </ClInclude>
    <ClInclude Include="Renderer.h">
      <Filter>Hlavičkové soubory</Filter>
    </ClInclude>
    <ClInclude Include="Model.h">
      <Filter>Hlavičkové soubory</Filter>
    </ClInclude>
    <ClInclude Include="ObjectFactory.h">
      <Filter>Hlavičkové soubory</Filter>
    </ClInclude>
    <ClInclude Include="ModelEnum.h">
      <Filter>Hlavičkové soubory</Filter>
    </ClInclude>
    <ClInclude Include="MovementEnum.h">
      <Filter>Hlavičkové soubory</Filter>
    </ClInclude>
    <ClInclude Include="ShaderLoader.h">
      <Filter>Hlavičkové soubory</Filter>
    </ClInclude>
    <ClInclude Include="models\plain.h">
      <Filter>models</Filter>
    </ClInclude>
    <ClInclude Include="models\sphere.h">
      <Filter>models</Filter>
    </ClInclude>
    <ClInclude Include="models\suzi_flat.h">
      <Filter>models</Filter>
    </ClInclude>
    <ClInclude Include="models\suzi_smooth.h">
      <Filter>models</Filter>
    </ClInclude>
    <ClInclude Include="Light.h">
      <Filter>Hlavičkové soubory</Filter>
    </ClInclude>
    <ClInclude Include="Texture.h">
      <Filter>Hlavičkové soubory</Filter>
    </ClInclude>
    <ClInclude Include="Mesh.h">
      <Filter>assimpClass</Filter>
    </ClInclude>
    <ClInclude Include="MeshEntry.h">
      <Filter>assimpClass</Filter>
    </ClInclude>
    <ClInclude Include="ObjectAssimp.h">
      <Filter>assimpClass</Filter>
    </ClInclude>
    <ClInclude Include="models\texture_plain.h">
      <Filter>models</Filter>
    </ClInclude>
    <ClInclude Include="SkyBox.h">
      <Filter>Hlavičkové soubory</Filter>
    </ClInclude>
    <ClInclude Include="ColorFactory.h">
      <Filter>Factories\ColorFactory</Filter>
    </ClInclude>
    <ClInclude Include="FlashLight.h">
      <Filter>Hlavičkové soubory</Filter>
    </ClInclude>
    <ClInclude Include="ModelFactory.h">
      <Filter>Factories\ModelFactory</Filter>
    </ClInclude>
    <ClInclude Include="ObjFactory.h">
      <Filter>Factories\ObjectFactory</Filter>
    </ClInclude>
    <ClInclude Include="TextureFactory.h">
      <Filter>Factories\TextureFactory</Filter>
    </ClInclude>
  </ItemGroup>
  <ItemGroup>
    <None Include="packages.config" />
    <None Include="shaders\fragment.glsl">
      <Filter>shaders\Classic</Filter>
    </None>
    <None Include="shaders\vertex.glsl">
      <Filter>shaders\Classic</Filter>
    </None>
    <None Include="shaders\SkyBox\skybox_fragment.glsl">
      <Filter>shaders\SkyBox</Filter>
    </None>
    <None Include="shaders\SkyBox\skybox_vertex.glsl">
      <Filter>shaders\SkyBox</Filter>
    </None>
  </ItemGroup>
</Project>